github.com/mattn/goveralls v0.0.2 h1:7eJB6EqsPhRVxvwEXGnqdO2sJI0PTsrWoTMXEk9/OQc=
github.com/mattn/goveralls v0.0.2/go.mod h1:8d1ZMHsd7fW6IRPKQh46F2WRpyib5/X4FOpevwGNQEw=
golang.org/x/lint v0.0.0-20181026193005-c67002cb31c3 h1:x/bBzNauLQAlE3fLku/xy92Y8QwKX5HZymrMz2IiKFc=
golang.org/x/lint v0.0.0-20181026193005-c67002cb31c3/go.mod h1:UVdnD1Gm6xHRNCYTkRU2/jEulfH38KcIWyp/GAMgvoE=
golang.org/x/tools v0.0.0-20181107225058-a28dfb48e06b h1:r3OgSCBAsWlqM826Ncqr14c4bAHcby43dhAHYrr6F5s=
golang.org/x/tools v0.0.0-20181107225058-a28dfb48e06b/go.mod h1:n7NCudcB/nEzxVGmLbDWY5pfWTLqBcC2KZ6jyYvM4mQ=
